
Microsoft Visual Studio Solution File, Format Version 12.00
# Visual Studio 2013
VisualStudioVersion = 12.0.31101.0
MinimumVisualStudioVersion = 10.0.40219.1
Project("{FAE04EC0-301F-11D3-BF4B-00C04F79EFBC}") = "Routing.Web", "Routing\Routing.Web.csproj", "{1B67F6F0-0709-4297-BDDE-F5716A744848}"
EndProject
Project("{FAE04EC0-301F-11D3-BF4B-00C04F79EFBC}") = "Models", "Models\Models.csproj", "{913B6A53-D872-43ED-A3E8-9F02B633DAFC}"
EndProject
Project("{FAE04EC0-301F-11D3-BF4B-00C04F79EFBC}") = "Routing.Tests", "Routing.Tests\Routing.Tests.csproj", "{E2DCE8F5-DCB6-43EB-B03E-5D3FF2C4463B}"
EndProject
Project("{FAE04EC0-301F-11D3-BF4B-00C04F79EFBC}") = "Blog.Store.Entity", "Blog.Store.Entity\Blog.Store.Entity.csproj", "{731E11AD-F1ED-4BAA-8D2B-A1F243302B82}"
EndProject
Project("{FAE04EC0-301F-11D3-BF4B-00C04F79EFBC}") = "Blog.IStore", "Blog.IStore\Blog.IStore.csproj", "{22071DDA-6B31-41C8-8D4A-4AC8B55C0882}"
EndProject
Project("{FAE04EC0-301F-11D3-BF4B-00C04F79EFBC}") = "Blog.Store.Entity.Tests", "Blog.Store.Entity.Tests\Blog.Store.Entity.Tests.csproj", "{69B2C367-E21D-4F38-BE50-C86F506FECE5}"
EndProject
Global
	GlobalSection(SolutionConfigurationPlatforms) = preSolution
		Debug|Any CPU = Debug|Any CPU
		Release|Any CPU = Release|Any CPU
	EndGlobalSection
	GlobalSection(ProjectConfigurationPlatforms) = postSolution
		{1B67F6F0-0709-4297-BDDE-F5716A744848}.Debug|Any CPU.ActiveCfg = Debug|Any CPU
		{1B67F6F0-0709-4297-BDDE-F5716A744848}.Debug|Any CPU.Build.0 = Debug|Any CPU
		{1B67F6F0-0709-4297-BDDE-F5716A744848}.Release|Any CPU.ActiveCfg = Release|Any CPU
		{1B67F6F0-0709-4297-BDDE-F5716A744848}.Release|Any CPU.Build.0 = Release|Any CPU
		{913B6A53-D872-43ED-A3E8-9F02B633DAFC}.Debug|Any CPU.ActiveCfg = Debug|Any CPU
		{913B6A53-D872-43ED-A3E8-9F02B633DAFC}.Debug|Any CPU.Build.0 = Debug|Any CPU
		{913B6A53-D872-43ED-A3E8-9F02B633DAFC}.Release|Any CPU.ActiveCfg = Release|Any CPU
		{913B6A53-D872-43ED-A3E8-9F02B633DAFC}.Release|Any CPU.Build.0 = Release|Any CPU
		{E2DCE8F5-DCB6-43EB-B03E-5D3FF2C4463B}.Debug|Any CPU.ActiveCfg = Debug|Any CPU
		{E2DCE8F5-DCB6-43EB-B03E-5D3FF2C4463B}.Debug|Any CPU.Build.0 = Debug|Any CPU
		{E2DCE8F5-DCB6-43EB-B03E-5D3FF2C4463B}.Release|Any CPU.ActiveCfg = Release|Any CPU
		{E2DCE8F5-DCB6-43EB-B03E-5D3FF2C4463B}.Release|Any CPU.Build.0 = Release|Any CPU
		{731E11AD-F1ED-4BAA-8D2B-A1F243302B82}.Debug|Any CPU.ActiveCfg = Debug|Any CPU
		{731E11AD-F1ED-4BAA-8D2B-A1F243302B82}.Debug|Any CPU.Build.0 = Debug|Any CPU
		{731E11AD-F1ED-4BAA-8D2B-A1F243302B82}.Release|Any CPU.ActiveCfg = Release|Any CPU
		{731E11AD-F1ED-4BAA-8D2B-A1F243302B82}.Release|Any CPU.Build.0 = Release|Any CPU
		{22071DDA-6B31-41C8-8D4A-4AC8B55C0882}.Debug|Any CPU.ActiveCfg = Debug|Any CPU
		{22071DDA-6B31-41C8-8D4A-4AC8B55C0882}.Debug|Any CPU.Build.0 = Debug|Any CPU
		{22071DDA-6B31-41C8-8D4A-4AC8B55C0882}.Release|Any CPU.ActiveCfg = Release|Any CPU
		{22071DDA-6B31-41C8-8D4A-4AC8B55C0882}.Release|Any CPU.Build.0 = Release|Any CPU
		{69B2C367-E21D-4F38-BE50-C86F506FECE5}.Debug|Any CPU.ActiveCfg = Debug|Any CPU
		{69B2C367-E21D-4F38-BE50-C86F506FECE5}.Debug|Any CPU.Build.0 = Debug|Any CPU
		{69B2C367-E21D-4F38-BE50-C86F506FECE5}.Release|Any CPU.ActiveCfg = Release|Any CPU
		{69B2C367-E21D-4F38-BE50-C86F506FECE5}.Release|Any CPU.Build.0 = Release|Any CPU
	EndGlobalSection
	GlobalSection(SolutionProperties) = preSolution
		HideSolutionNode = FALSE
	EndGlobalSection
EndGlobal
